
Microsoft Visual Studio Solution File, Format Version 12.00
# Visual Studio Version 16
VisualStudioVersion = 16.0.30804.86
MinimumVisualStudioVersion = 10.0.40219.1
Project("{FAE04EC0-301F-11D3-BF4B-00C04F79EFBC}") = "ClassMetotDemo", "ClassMetotDemo\ClassMetotDemo.csproj", "{18B12C69-250F-4F5F-8EF8-3483B7B25810}"
EndProject
Global
	GlobalSection(SolutionConfigurationPlatforms) = preSolution
		Debug|Any CPU = Debug|Any CPU
		Release|Any CPU = Release|Any CPU
	EndGlobalSection
	GlobalSection(ProjectConfigurationPlatforms) = postSolution
		{18B12C69-250F-4F5F-8EF8-3483B7B25810}.Debug|Any CPU.ActiveCfg = Debug|Any CPU
		{18B12C69-250F-4F5F-8EF8-3483B7B25810}.Debug|Any CPU.Build.0 = Debug|Any CPU
		{18B12C69-250F-4F5F-8EF8-3483B7B25810}.Release|Any CPU.ActiveCfg = Release|Any CPU
		{18B12C69-250F-4F5F-8EF8-3483B7B25810}.Release|Any CPU.Build.0 = Release|Any CPU
	EndGlobalSection
	GlobalSection(SolutionProperties) = preSolution
		HideSolutionNode = FALSE
	EndGlobalSection
	GlobalSection(ExtensibilityGlobals) = postSolution
		SolutionGuid = {EB92CD14-29E6-45E5-BF07-8BF007C63874}
	EndGlobalSection
EndGlobal
